// !$*UTF8*$!
{
	archiveVersion = 1;
	classes = {
	};
	objectVersion = 46;
	objects = {

/* Begin PBXBuildFile section */
		21234BEB1BFFCCC8000A7301 /* AppDelegate.swift in Sources */ = {isa = PBXBuildFile; fileRef = 21234BEA1BFFCCC8000A7301 /* AppDelegate.swift */; };
		21234BED1BFFCCC8000A7301 /* MainViewController.swift in Sources */ = {isa = PBXBuildFile; fileRef = 21234BEC1BFFCCC8000A7301 /* MainViewController.swift */; };
		21234BF01BFFCCC8000A7301 /* Main.storyboard in Resources */ = {isa = PBXBuildFile; fileRef = 21234BEE1BFFCCC8000A7301 /* Main.storyboard */; };
		21234BF21BFFCCC8000A7301 /* Assets.xcassets in Resources */ = {isa = PBXBuildFile; fileRef = 21234BF11BFFCCC8000A7301 /* Assets.xcassets */; };
		21234BF51BFFCCC8000A7301 /* LaunchScreen.storyboard in Resources */ = {isa = PBXBuildFile; fileRef = 21234BF31BFFCCC8000A7301 /* LaunchScreen.storyboard */; };
		21234BFD1BFFCCF4000A7301 /* DesignableView.swift in Sources */ = {isa = PBXBuildFile; fileRef = 21234BFC1BFFCCF4000A7301 /* DesignableView.swift */; };
		21234BFF1BFFCD02000A7301 /* DesignableView.xib in Resources */ = {isa = PBXBuildFile; fileRef = 21234BFE1BFFCD02000A7301 /* DesignableView.xib */; };
/* End PBXBuildFile section */

/* Begin PBXFileReference section */
		21234BE71BFFCCC8000A7301 /* DesignableViews.app */ = {isa = PBXFileReference; explicitFileType = wrapper.application; includeInIndex = 0; path = DesignableViews.app; sourceTree = BUILT_PRODUCTS_DIR; };
		21234BEA1BFFCCC8000A7301 /* AppDelegate.swift */ = {isa = PBXFileReference; lastKnownFileType = sourcecode.swift; name = AppDelegate.swift; path = DesignableViews/AppDelegate.swift; sourceTree = "<group>"; };
		21234BEC1BFFCCC8000A7301 /* MainViewController.swift */ = {isa = PBXFileReference; lastKnownFileType = sourcecode.swift; path = MainViewController.swift; sourceTree = "<group>"; };
		21234BEF1BFFCCC8000A7301 /* Base */ = {isa = PBXFileReference; lastKnownFileType = file.storyboard; name = Base; path = Base.lproj/Main.storyboard; sourceTree = "<group>"; };
		21234BF11BFFCCC8000A7301 /* Assets.xcassets */ = {isa = PBXFileReference; lastKnownFileType = folder.assetcatalog; name = Assets.xcassets; path = DesignableViews/Assets.xcassets; sourceTree = "<group>"; };
		21234BF41BFFCCC8000A7301 /* Base */ = {isa = PBXFileReference; lastKnownFileType = file.storyboard; name = Base; path = Base.lproj/LaunchScreen.storyboard; sourceTree = "<group>"; };
		21234BF61BFFCCC8000A7301 /* Info.plist */ = {isa = PBXFileReference; lastKnownFileType = text.plist.xml; name = Info.plist; path = DesignableViews/Info.plist; sourceTree = "<group>"; };
		21234BFC1BFFCCF4000A7301 /* DesignableView.swift */ = {isa = PBXFileReference; fileEncoding = 4; lastKnownFileType = sourcecode.swift; path = DesignableView.swift; sourceTree = "<group>"; };
		21234BFE1BFFCD02000A7301 /* DesignableView.xib */ = {isa = PBXFileReference; fileEncoding = 4; lastKnownFileType = file.xib; path = DesignableView.xib; sourceTree = "<group>"; };
/* End PBXFileReference section */

/* Begin PBXFrameworksBuildPhase section */
		21234BE41BFFCCC8000A7301 /* Frameworks */ = {
			isa = PBXFrameworksBuildPhase;
			buildActionMask = 2147483647;
			files = (
			);
			runOnlyForDeploymentPostprocessing = 0;
		};
/* End PBXFrameworksBuildPhase section */

/* Begin PBXGroup section */
		211A45D01C02F9EA0065168A /* App */ = {
			isa = PBXGroup;
			children = (
				21234BEA1BFFCCC8000A7301 /* AppDelegate.swift */,
				21234BF11BFFCCC8000A7301 /* Assets.xcassets */,
				21234BF31BFFCCC8000A7301 /* LaunchScreen.storyboard */,
				21234BF61BFFCCC8000A7301 /* Info.plist */,
			);
			name = App;
			path = ..;
			sourceTree = "<group>";
		};
		21234BDE1BFFCCC8000A7301 = {
			isa = PBXGroup;
			children = (
				21234BE91BFFCCC8000A7301 /* DesignableViews */,
				21234BE81BFFCCC8000A7301 /* Products */,
			);
			sourceTree = "<group>";
		};
		21234BE81BFFCCC8000A7301 /* Products */ = {
			isa = PBXGroup;
			children = (
				21234BE71BFFCCC8000A7301 /* DesignableViews.app */,
			);
			name = Products;
			sourceTree = "<group>";
		};
		21234BE91BFFCCC8000A7301 /* DesignableViews */ = {
			isa = PBXGroup;
			children = (
				211A45D01C02F9EA0065168A /* App */,
				21234BEE1BFFCCC8000A7301 /* Main.storyboard */,
				21234BEC1BFFCCC8000A7301 /* MainViewController.swift */,
				21234BFC1BFFCCF4000A7301 /* DesignableView.swift */,
				21234BFE1BFFCD02000A7301 /* DesignableView.xib */,
			);
			path = DesignableViews;
			sourceTree = "<group>";
		};
/* End PBXGroup section */

/* Begin PBXNativeTarget section */
		21234BE61BFFCCC8000A7301 /* DesignableViews */ = {
			isa = PBXNativeTarget;
			buildConfigurationList = 21234BF91BFFCCC8000A7301 /* Build configuration list for PBXNativeTarget "DesignableViews" */;
			buildPhases = (
				21234BE31BFFCCC8000A7301 /* Sources */,
				21234BE41BFFCCC8000A7301 /* Frameworks */,
				21234BE51BFFCCC8000A7301 /* Resources */,
			);
			buildRules = (
			);
			dependencies = (
			);
			name = DesignableViews;
			productName = DesignableViews;
			productReference = 21234BE71BFFCCC8000A7301 /* DesignableViews.app */;
			productType = "com.apple.product-type.application";
		};
/* End PBXNativeTarget section */

/* Begin PBXProject section */
		21234BDF1BFFCCC8000A7301 /* Project object */ = {
			isa = PBXProject;
			attributes = {
				LastSwiftUpdateCheck = 0710;
				LastUpgradeCheck = 0710;
				ORGANIZATIONNAME = chronobot;
				TargetAttributes = {
					21234BE61BFFCCC8000A7301 = {
						CreatedOnToolsVersion = 7.1.1;
					};
				};
			};
			buildConfigurationList = 21234BE21BFFCCC8000A7301 /* Build configuration list for PBXProject "DesignableViews" */;
			compatibilityVersion = "Xcode 3.2";
			developmentRegion = English;
			hasScannedForEncodings = 0;
			knownRegions = (
				en,
				Base,
			);
			mainGroup = 21234BDE1BFFCCC8000A7301;
			productRefGroup = 21234BE81BFFCCC8000A7301 /* Products */;
			projectDirPath = "";
			projectRoot = "";
			targets = (
				21234BE61BFFCCC8000A7301 /* DesignableViews */,
			);
		};
/* End PBXProject section */

/* Begin PBXResourcesBuildPhase section */
		21234BE51BFFCCC8000A7301 /* Resources */ = {
			isa = PBXResourcesBuildPhase;
			buildActionMask = 2147483647;
			files = (
				21234BFF1BFFCD02000A7301 /* DesignableView.xib in Resources */,
				21234BF51BFFCCC8000A7301 /* LaunchScreen.storyboard in Resources */,
				21234BF21BFFCCC8000A7301 /* Assets.xcassets in Resources */,
				21234BF01BFFCCC8000A7301 /* Main.storyboard in Resources */,
			);
			runOnlyForDeploymentPostprocessing = 0;
		};
/* End PBXResourcesBuildPhase section */

/* Begin PBXSourcesBuildPhase section */
		21234BE31BFFCCC8000A7301 /* Sources */ = {
			isa = PBXSourcesBuildPhase;
			buildActionMask = 2147483647;
			files = (
				21234BED1BFFCCC8000A7301 /* MainViewController.swift in Sources */,
				21234BEB1BFFCCC8000A7301 /* AppDelegate.swift in Sources */,
				21234BFD1BFFCCF4000A7301 /* DesignableView.swift in Sources */,
			);
			runOnlyForDeploymentPostprocessing = 0;
		};
/* End PBXSourcesBuildPhase section */

/* Begin PBXVariantGroup section */
		21234BEE1BFFCCC8000A7301 /* Main.storyboard */ = {
			isa = PBXVariantGroup;
			children = (
				21234BEF1BFFCCC8000A7301 /* Base */,
			);
			name = Main.storyboard;
			sourceTree = "<group>";
		};
		21234BF31BFFCCC8000A7301 /* LaunchScreen.storyboard */ = {
			isa = PBXVariantGroup;
			children = (
				21234BF41BFFCCC8000A7301 /* Base */,
			);
			name = LaunchScreen.storyboard;
			path = DesignableViews;
			sourceTree = "<group>";
		};
/* End PBXVariantGroup section */

/* Begin XCBuildConfiguration section */
		21234BF71BFFCCC8000A7301 /* Debug */ = {
			isa = XCBuildConfiguration;
			buildSettings = {
				ALWAYS_SEARCH_USER_PATHS = NO;
				CLANG_CXX_LANGUAGE_STANDARD = "gnu++0x";
				CLANG_CXX_LIBRARY = "libc++";
				CLANG_ENABLE_MODULES = YES;
				CLANG_ENABLE_OBJC_ARC = YES;
				CLANG_WARN_BOOL_CONVERSION = YES;
				CLANG_WARN_CONSTANT_CONVERSION = YES;
				CLANG_WARN_DIRECT_OBJC_ISA_USAGE = YES_ERROR;
				CLANG_WARN_EMPTY_BODY = YES;
				CLANG_WARN_ENUM_CONVERSION = YES;
				CLANG_WARN_INT_CONVERSION = YES;
				CLANG_WARN_OBJC_ROOT_CLASS = YES_ERROR;
				CLANG_WARN_UNREACHABLE_CODE = YES;
				CLANG_WARN__DUPLICATE_METHOD_MATCH = YES;
				"CODE_SIGN_IDENTITY[sdk=iphoneos*]" = "iPhone Developer";
				COPY_PHASE_STRIP = NO;
				DEBUG_INFORMATION_FORMAT = dwarf;
				ENABLE_STRICT_OBJC_MSGSEND = YES;
				ENABLE_TESTABILITY = YES;
				GCC_C_LANGUAGE_STANDARD = gnu99;
				GCC_DYNAMIC_NO_PIC = NO;
				GCC_NO_COMMON_BLOCKS = YES;
				GCC_OPTIMIZATION_LEVEL = 0;
				GCC_PREPROCESSOR_DEFINITIONS = (
					"DEBUG=1",
					"$(inherited)",
				);
				GCC_WARN_64_TO_32_BIT_CONVERSION = YES;
				GCC_WARN_ABOUT_RETURN_TYPE = YES_ERROR;
				GCC_WARN_UNDECLARED_SELECTOR = YES;
				GCC_WARN_UNINITIALIZED_AUTOS = YES_AGGRESSIVE;
				GCC_WARN_UNUSED_FUNCTION = YES;
				GCC_WARN_UNUSED_VARIABLE = YES;
				IPHONEOS_DEPLOYMENT_TARGET = 9.1;
				MTL_ENABLE_DEBUG_INFO = YES;
				ONLY_ACTIVE_ARCH = YES;
				SDKROOT = iphoneos;
				SWIFT_OPTIMIZATION_LEVEL = "-Onone";
				TARGETED_DEVICE_FAMILY = "1,2";
			};
			name = Debug;
		};
		21234BF81BFFCCC8000A7301 /* Release */ = {
			isa = XCBuildConfiguration;
			buildSettings = {
				ALWAYS_SEARCH_USER_PATHS = NO;
				CLANG_CXX_LANGUAGE_STANDARD = "gnu++0x";
				CLANG_CXX_LIBRARY = "libc++";
				CLANG_ENABLE_MODULES = YES;
				CLANG_ENABLE_OBJC_ARC = YES;
				CLANG_WARN_BOOL_CONVERSION = YES;
				CLANG_WARN_CONSTANT_CONVERSION = YES;
				CLANG_WARN_DIRECT_OBJC_ISA_USAGE = YES_ERROR;
				CLANG_WARN_EMPTY_BODY = YES;
				CLANG_WARN_ENUM_CONVERSION = YES;
				CLANG_WARN_INT_CONVERSION = YES;
				CLANG_WARN_OBJC_ROOT_CLASS = YES_ERROR;
				CLANG_WARN_UNREACHABLE_CODE = YES;
				CLANG_WARN__DUPLICATE_METHOD_MATCH = YES;
				"CODE_SIGN_IDENTITY[sdk=iphoneos*]" = "iPhone Developer";
				COPY_PHASE_STRIP = NO;
				DEBUG_INFORMATION_FORMAT = "dwarf-with-dsym";
				ENABLE_NS_ASSERTIONS = NO;
				ENABLE_STRICT_OBJC_MSGSEND = YES;
				GCC_C_LANGUAGE_STANDARD = gnu99;
				GCC_NO_COMMON_BLOCKS = YES;
				GCC_WARN_64_TO_32_BIT_CONVERSION = YES;
				GCC_WARN_ABOUT_RETURN_TYPE = YES_ERROR;
				GCC_WARN_UNDECLARED_SELECTOR = YES;
				GCC_WARN_UNINITIALIZED_AUTOS = YES_AGGRESSIVE;
				GCC_WARN_UNUSED_FUNCTION = YES;
				GCC_WARN_UNUSED_VARIABLE = YES;
				IPHONEOS_DEPLOYMENT_TARGET = 9.1;
				MTL_ENABLE_DEBUG_INFO = NO;
				SDKROOT = iphoneos;
				TARGETED_DEVICE_FAMILY = "1,2";
				VALIDATE_PRODUCT = YES;
			};
			name = Release;
		};
		21234BFA1BFFCCC8000A7301 /* Debug */ = {
			isa = XCBuildConfiguration;
			buildSettings = {
				ASSETCATALOG_COMPILER_APPICON_NAME = AppIcon;
				INFOPLIST_FILE = DesignableViews/Info.plist;
				LD_RUNPATH_SEARCH_PATHS = "$(inherited) @executable_path/Frameworks";
				PRODUCT_BUNDLE_IDENTIFIER = com.chronobot.DesignableViews;
				PRODUCT_NAME = "$(TARGET_NAME)";
			};
			name = Debug;
		};
		21234BFB1BFFCCC8000A7301 /* Release */ = {
			isa = XCBuildConfiguration;
			buildSettings = {
				ASSETCATALOG_COMPILER_APPICON_NAME = AppIcon;
				INFOPLIST_FILE = DesignableViews/Info.plist;
				LD_RUNPATH_SEARCH_PATHS = "$(inherited) @executable_path/Frameworks";
				PRODUCT_BUNDLE_IDENTIFIER = com.chronobot.DesignableViews;
				PRODUCT_NAME = "$(TARGET_NAME)";
			};
			name = Release;
		};
/* End XCBuildConfiguration section */

/* Begin XCConfigurationList section */
		21234BE21BFFCCC8000A7301 /* Build configuration list for PBXProject "DesignableViews" */ = {
			isa = XCConfigurationList;
			buildConfigurations = (
				21234BF71BFFCCC8000A7301 /* Debug */,
				21234BF81BFFCCC8000A7301 /* Release */,
			);
			defaultConfigurationIsVisible = 0;
			defaultConfigurationName = Release;
		};
		21234BF91BFFCCC8000A7301 /* Build configuration list for PBXNativeTarget "DesignableViews" */ = {
			isa = XCConfigurationList;
			buildConfigurations = (
				21234BFA1BFFCCC8000A7301 /* Debug */,
				21234BFB1BFFCCC8000A7301 /* Release */,
			);
			defaultConfigurationIsVisible = 0;
			defaultConfigurationName = Release;
		};
/* End XCConfigurationList section */
	};
	rootObject = 21234BDF1BFFCCC8000A7301 /* Project object */;
}
